
Microsoft Visual Studio Solution File, Format Version 12.00
# Visual Studio Version 16
VisualStudioVersion = 16.0.31112.23
MinimumVisualStudioVersion = 10.0.40219.1
Project("{9A19103F-16F7-4668-BE54-9A1E7A4F7556}") = "Classes", "Classes\Classes.csproj", "{FF0D331E-C11C-4585-9C54-76BEB2498234}"
EndProject
Project("{FAE04EC0-301F-11D3-BF4B-00C04F79EFBC}") = "DateTime", "DateTime\DateTime.csproj", "{309424A4-7C5E-4275-BB46-0DC37DCF1C04}"
EndProject
Global
	GlobalSection(SolutionConfigurationPlatforms) = preSolution
		Debug|Any CPU = Debug|Any CPU
		Release|Any CPU = Release|Any CPU
	EndGlobalSection
	GlobalSection(ProjectConfigurationPlatforms) = postSolution
		{FF0D331E-C11C-4585-9C54-76BEB2498234}.Debug|Any CPU.ActiveCfg = Debug|Any CPU
		{FF0D331E-C11C-4585-9C54-76BEB2498234}.Debug|Any CPU.Build.0 = Debug|Any CPU
		{FF0D331E-C11C-4585-9C54-76BEB2498234}.Release|Any CPU.ActiveCfg = Release|Any CPU
		{FF0D331E-C11C-4585-9C54-76BEB2498234}.Release|Any CPU.Build.0 = Release|Any CPU
		{309424A4-7C5E-4275-BB46-0DC37DCF1C04}.Debug|Any CPU.ActiveCfg = Debug|Any CPU
		{309424A4-7C5E-4275-BB46-0DC37DCF1C04}.Debug|Any CPU.Build.0 = Debug|Any CPU
		{309424A4-7C5E-4275-BB46-0DC37DCF1C04}.Release|Any CPU.ActiveCfg = Release|Any CPU
		{309424A4-7C5E-4275-BB46-0DC37DCF1C04}.Release|Any CPU.Build.0 = Release|Any CPU
	EndGlobalSection
	GlobalSection(SolutionProperties) = preSolution
		HideSolutionNode = FALSE
	EndGlobalSection
	GlobalSection(ExtensibilityGlobals) = postSolution
		SolutionGuid = {39761D44-F033-41E4-8036-BC38547BEAF8}
	EndGlobalSection
EndGlobal
